{
  "name": "js-on-k8s-private-packages",
  "lockfileVersion": 3,
  "requires": true,
  "packages": {
    "": {
      "name": "js-on-k8s-private-packages",
      "dependencies": {
        "@hono/node-server": "^2.1.1",
        "hono": "^4.13.4"
      }
    },
    "node_modules/@hono/node-server": {
      "version": "2.1.1",
      "resolved": "https://registry.npmjs.org/@hono/node-server/-/node-server-2.1.1.tgz",
      "integrity": "sha512-ELuehkj5VCBdgEw9zs+ivkKwyzzUCSQuE96YmiPvn1ECBoZCczbFXJLeEGMTYjphP6gydh4pHMqEYPVMYUVgQg==",
      "license": "MIT",
      "engines": {
        "node": ">=20"
      },
      "peerDependencies": {
        "hono": "^4"
      }
    },
    "node_modules/hono": {
      "version": "4.13.5",
      "resolved": "https://registry.npmjs.org/hono/-/hono-4.13.5.tgz",
      "integrity": "sha512-O6+/eCYRkzzzy0rPWwKLiGBR1nFuUPZynnwjxN1MBA62NNqbT0wQEzQyK2gSO5yDIDB336sXQleAhOHrzlYyKw==",
      "license": "MIT",
      "engines": {
        "node": ">=16.9.0"
      }
    }
  }
}
